
Microsoft Visual Studio Solution File, Format Version 12.00
Project("{FAE04EC0-301F-11D3-BF4B-00C04F79EFBC}") = "NotionWeeklyPlanner", "NotionWeeklyPlanner\NotionWeeklyPlanner.csproj", "{04EBA759-3F4D-4525-B686-D3D893D0C03C}"
EndProject
Project("{FAE04EC0-301F-11D3-BF4B-00C04F79EFBC}") = "ConsoleApp", "ConsoleApp\ConsoleApp.csproj", "{7E011487-3A00-43DE-9A52-0C0E16F28983}"
EndProject
Global
	GlobalSection(SolutionConfigurationPlatforms) = preSolution
		Debug|Any CPU = Debug|Any CPU
		Release|Any CPU = Release|Any CPU
	EndGlobalSection
	GlobalSection(ProjectConfigurationPlatforms) = postSolution
		{04EBA759-3F4D-4525-B686-D3D893D0C03C}.Debug|Any CPU.ActiveCfg = Debug|Any CPU
		{04EBA759-3F4D-4525-B686-D3D893D0C03C}.Debug|Any CPU.Build.0 = Debug|Any CPU
		{04EBA759-3F4D-4525-B686-D3D893D0C03C}.Release|Any CPU.ActiveCfg = Release|Any CPU
		{04EBA759-3F4D-4525-B686-D3D893D0C03C}.Release|Any CPU.Build.0 = Release|Any CPU
		{7E011487-3A00-43DE-9A52-0C0E16F28983}.Debug|Any CPU.ActiveCfg = Debug|Any CPU
		{7E011487-3A00-43DE-9A52-0C0E16F28983}.Debug|Any CPU.Build.0 = Debug|Any CPU
		{7E011487-3A00-43DE-9A52-0C0E16F28983}.Release|Any CPU.ActiveCfg = Release|Any CPU
		{7E011487-3A00-43DE-9A52-0C0E16F28983}.Release|Any CPU.Build.0 = Release|Any CPU
	EndGlobalSection
EndGlobal
